
Microsoft Visual Studio Solution File, Format Version 12.00
# Visual Studio Version 17
VisualStudioVersion = 17.11.35312.102
MinimumVisualStudioVersion = 10.0.40219.1
Project("{FAE04EC0-301F-11D3-BF4B-00C04F79EFBC}") = "OurHeroAPIWithCodeFirstApproach", "OurHeroAPIWithCodeFirstApproach\OurHeroAPIWithCodeFirstApproach.csproj", "{F335B256-6A67-47DB-BBFD-5E846CB4A66B}"
EndProject
Global
	GlobalSection(SolutionConfigurationPlatforms) = preSolution
		Debug|Any CPU = Debug|Any CPU
		Release|Any CPU = Release|Any CPU
	EndGlobalSection
	GlobalSection(ProjectConfigurationPlatforms) = postSolution
		{F335B256-6A67-47DB-BBFD-5E846CB4A66B}.Debug|Any CPU.ActiveCfg = Debug|Any CPU
		{F335B256-6A67-47DB-BBFD-5E846CB4A66B}.Debug|Any CPU.Build.0 = Debug|Any CPU
		{F335B256-6A67-47DB-BBFD-5E846CB4A66B}.Release|Any CPU.ActiveCfg = Release|Any CPU
		{F335B256-6A67-47DB-BBFD-5E846CB4A66B}.Release|Any CPU.Build.0 = Release|Any CPU
	EndGlobalSection
	GlobalSection(SolutionProperties) = preSolution
		HideSolutionNode = FALSE
	EndGlobalSection
	GlobalSection(ExtensibilityGlobals) = postSolution
		SolutionGuid = {5F01A1BE-394A-4774-9852-7FF9528D387A}
	EndGlobalSection
EndGlobal
